{"packages":{"web_ui":{"version":"0.3.1+3","source":"hosted","description":"web_ui"},"js":{"version":"0.0.15","source":"hosted","description":"js"},"stream":{"version":"0.5.1+1","source":"hosted","description":"stream"},"browser":{"version":"0.3.2","source":"hosted","description":"browser"},"objectory":{"version":"0.0.10","source":"hosted","description":"objectory"},"html5lib":{"version":"0.3.1+2","source":"hosted","description":"html5lib"},"args":{"version":"0.3.2","source":"hosted","description":"args"},"logging":{"version":"0.3.3","source":"hosted","description":"logging"},"benchmark_harness":{"version":"1.0.2","source":"hosted","description":"benchmark_harness"},"unittest":{"version":"0.3.2","source":"hosted","description":"unittest"},"rikulo_commons":{"version":"0.6.3+3","source":"hosted","description":"rikulo_commons"},"mongo_dart":{"version":"0.0.14","source":"hosted","description":"mongo_dart"},"meta":{"version":"0.3.2","source":"hosted","description":"meta"}}}